
Microsoft Visual Studio Solution File, Format Version 12.00
# Visual Studio 2012
Project("{2150E333-8FDC-42A3-9474-1A3956D46DE8}") = "Modules", "Modules", "{3B2FCC0E-CEF3-43AC-8FA7-9B48AEC50247}"
EndProject
Project("{2150E333-8FDC-42A3-9474-1A3956D46DE8}") = "Plugins", "Plugins", "{68E3C14A-E1EA-4E1E-A860-9929695C909A}"
EndProject
Project("{2150E333-8FDC-42A3-9474-1A3956D46DE8}") = "DataProviders", "DataProviders", "{9D7EA07E-D839-47B0-B7F8-5A8BDF4AE575}"
EndProject
Project("{FAE04EC0-301F-11D3-BF4B-00C04F79EFBC}") = "EbSite.Data.User.Interface", "..\Protected\EbSite.Data.User.Interface\EbSite.Data.User.Interface.csproj", "{E3566447-5D51-4631-BF2F-3462D6C68F96}"
EndProject
Project("{FAE04EC0-301F-11D3-BF4B-00C04F79EFBC}") = "EbSite.ServiceAPI", "EbSite.ServiceAPI\EbSite.ServiceAPI.csproj", "{6C208948-865A-42D5-AEDB-378FA6E1D737}"
EndProject
Project("{FAE04EC0-301F-11D3-BF4B-00C04F79EFBC}") = "EbSite.Data.Interface", "..\Protected\EbSite.IDAL\EbSite.Data.Interface.csproj", "{B0706FA2-977C-4523-B093-F57804756498}"
EndProject
Project("{FAE04EC0-301F-11D3-BF4B-00C04F79EFBC}") = "EbSite.Install", "EbSite.Install\EbSite.Install.csproj", "{34F058C8-4780-489C-AFFF-CECFF9585F3F}"
EndProject
Project("{FAE04EC0-301F-11D3-BF4B-00C04F79EFBC}") = "EbSite.BLL", "..\Protected\EbSite.BLLS\EbSite.BLL.csproj", "{38D7AA58-C95B-449B-86C6-A8073A56E11F}"
EndProject
Project("{FAE04EC0-301F-11D3-BF4B-00C04F79EFBC}") = "EbSite.Web", "EbSite.Web\EbSite.Web.csproj", "{472204C1-CA66-4DF8-B532-6527F2694780}"
EndProject
Project("{FAE04EC0-301F-11D3-BF4B-00C04F79EFBC}") = "EbSite.Entity", "..\Protected\EbSite.Entity\EbSite.Entity.csproj", "{53995DBB-9836-4647-AD22-865884FDEB9E}"
EndProject
Project("{FAE04EC0-301F-11D3-BF4B-00C04F79EFBC}") = "EbSiteUpdate", "EbSiteUpdate\EbSiteUpdate.csproj", "{D8C1E387-20CE-4F8E-82B3-0DBB09E46608}"
EndProject
Project("{FAE04EC0-301F-11D3-BF4B-00C04F79EFBC}") = "EbSite.Widgets", "EbSite.Web\themes\default\data\Widgets\WidgetList\EbSite.Widgets.csproj", "{0CFE6044-6620-4AC0-9653-4917F3C89384}"
EndProject
Project("{FAE04EC0-301F-11D3-BF4B-00C04F79EFBC}") = "EbSite.ExtensionsCtrls", "EbSite.Web\themes\default\data\Ctrl\TempList\EbSite.ExtensionsCtrls.csproj", "{35F7B282-CEB7-409E-A556-6732187FDC43}"
EndProject
Project("{FAE04EC0-301F-11D3-BF4B-00C04F79EFBC}") = "EbSite.Modules.UserBaseInfo", "EbSite.Web\themes\default\data\Modules\ModuleList\UserBaseInfo\EbSite.Modules.UserBaseInfo.csproj", "{71C3F98F-7C1D-4906-B305-174DAA27783A}"
EndProject
Project("{FAE04EC0-301F-11D3-BF4B-00C04F79EFBC}") = "EbSite.Plugin.Email", "EbSite.Plugin.Email\EbSite.Plugin.Email.csproj", "{D18524B0-3EB7-4468-9A70-BB48CB63FC33}"
EndProject
Project("{FAE04EC0-301F-11D3-BF4B-00C04F79EFBC}") = "EbSite.Plugin.Payment", "EbSite.Plugin.Payment\EbSite.Plugin.Payment.csproj", "{D310DE9D-1313-4B2A-85C5-F93E1D5C1AC4}"
EndProject
Project("{FAE04EC0-301F-11D3-BF4B-00C04F79EFBC}") = "EbSite.Plugin.Delivery", "EbSite.Plugin.Delivery\EbSite.Plugin.Delivery.csproj", "{6CC04802-D90C-4D86-B651-286CDFEB929D}"
EndProject
Project("{FAE04EC0-301F-11D3-BF4B-00C04F79EFBC}") = "EbSite.Plugin.MobileMsgSend", "EbSite.Plugin.MobileMsgSend\EbSite.Plugin.MobileMsgSend.csproj", "{46D185A1-330E-41E1-8E02-DDFF6419424B}"
EndProject
Project("{FAE04EC0-301F-11D3-BF4B-00C04F79EFBC}") = "EbSite.Plugin.UserLoginApi", "EbSite.Plugin.UserLoginApi\EbSite.Plugin.UserLoginApi.csproj", "{1B6CD915-915E-4A90-9E5D-0F5BA1ABF1ED}"
EndProject
Project("{FAE04EC0-301F-11D3-BF4B-00C04F79EFBC}") = "EbSite.Plugin.MobileMsgSendBeiMai", "EbSite.Plugin.MobileMsgSendBeiMai\EbSite.Plugin.MobileMsgSendBeiMai.csproj", "{22CF1279-746C-4DFC-A462-ECB2A7BDF64F}"
EndProject
Project("{FAE04EC0-301F-11D3-BF4B-00C04F79EFBC}") = "EbSite.Data.MySql", "..\Protected\EbSite.Data.MySql\EbSite.Data.MySql.csproj", "{3109BA22-46E8-4B8A-A502-4042D0D08348}"
EndProject
Project("{FAE04EC0-301F-11D3-BF4B-00C04F79EFBC}") = "EbSite.Data.User.MySql", "..\Protected\EbSite.Data.User.MySql\EbSite.Data.User.MySql.csproj", "{461EBFAA-9E64-4023-A7A7-140702850C46}"
EndProject
Project("{FAE04EC0-301F-11D3-BF4B-00C04F79EFBC}") = "EbSite.Modules.SiteTools", "EbSite.Web\themes\default\data\Modules\ModuleList\SiteTools\EbSite.Modules.SiteTools.csproj", "{AD03429A-F509-4269-ABD9-F7C3DCCAC56F}"
EndProject
Project("{FAE04EC0-301F-11D3-BF4B-00C04F79EFBC}") = "EbSite.Modules.Shop", "EbSite.Web\themes\shop\data\Modules\ModuleList\Shop\EbSite.Modules.Shop.csproj", "{0A4BE07D-AE27-4213-963E-183155F9DC98}"
EndProject
Project("{FAE04EC0-301F-11D3-BF4B-00C04F79EFBC}") = "EbSite.Modules.Wenda", "EbSite.Web\themes\wenda\data\Modules\ModuleList\wenda\EbSite.Modules.Wenda.csproj", "{BFBEFDF8-C1DA-45FC-AF69-99D9F0E7D8AB}"
EndProject
Project("{FAE04EC0-301F-11D3-BF4B-00C04F79EFBC}") = "EbSite.Plugin.ShopTimerTask", "EbSite.Plugin.ShopTimerTask\EbSite.Plugin.ShopTimerTask.csproj", "{C8D0E379-5622-41E7-B3D1-948656493759}"
EndProject
Global
	GlobalSection(SolutionConfigurationPlatforms) = preSolution
		Debug|Any CPU = Debug|Any CPU
		Release|Any CPU = Release|Any CPU
	EndGlobalSection
	GlobalSection(ProjectConfigurationPlatforms) = postSolution
		{E3566447-5D51-4631-BF2F-3462D6C68F96}.Debug|Any CPU.ActiveCfg = Debug|Any CPU
		{E3566447-5D51-4631-BF2F-3462D6C68F96}.Debug|Any CPU.Build.0 = Debug|Any CPU
		{E3566447-5D51-4631-BF2F-3462D6C68F96}.Release|Any CPU.ActiveCfg = Release|Any CPU
		{E3566447-5D51-4631-BF2F-3462D6C68F96}.Release|Any CPU.Build.0 = Release|Any CPU
		{6C208948-865A-42D5-AEDB-378FA6E1D737}.Debug|Any CPU.ActiveCfg = Debug|Any CPU
		{6C208948-865A-42D5-AEDB-378FA6E1D737}.Debug|Any CPU.Build.0 = Debug|Any CPU
		{6C208948-865A-42D5-AEDB-378FA6E1D737}.Release|Any CPU.ActiveCfg = Release|Any CPU
		{6C208948-865A-42D5-AEDB-378FA6E1D737}.Release|Any CPU.Build.0 = Release|Any CPU
		{B0706FA2-977C-4523-B093-F57804756498}.Debug|Any CPU.ActiveCfg = Debug|Any CPU
		{B0706FA2-977C-4523-B093-F57804756498}.Debug|Any CPU.Build.0 = Debug|Any CPU
		{B0706FA2-977C-4523-B093-F57804756498}.Release|Any CPU.ActiveCfg = Release|Any CPU
		{B0706FA2-977C-4523-B093-F57804756498}.Release|Any CPU.Build.0 = Release|Any CPU
		{34F058C8-4780-489C-AFFF-CECFF9585F3F}.Debug|Any CPU.ActiveCfg = Debug|Any CPU
		{34F058C8-4780-489C-AFFF-CECFF9585F3F}.Debug|Any CPU.Build.0 = Debug|Any CPU
		{34F058C8-4780-489C-AFFF-CECFF9585F3F}.Release|Any CPU.ActiveCfg = Release|Any CPU
		{34F058C8-4780-489C-AFFF-CECFF9585F3F}.Release|Any CPU.Build.0 = Release|Any CPU
		{38D7AA58-C95B-449B-86C6-A8073A56E11F}.Debug|Any CPU.ActiveCfg = Debug|Any CPU
		{38D7AA58-C95B-449B-86C6-A8073A56E11F}.Debug|Any CPU.Build.0 = Debug|Any CPU
		{38D7AA58-C95B-449B-86C6-A8073A56E11F}.Release|Any CPU.ActiveCfg = Release|Any CPU
		{38D7AA58-C95B-449B-86C6-A8073A56E11F}.Release|Any CPU.Build.0 = Release|Any CPU
		{472204C1-CA66-4DF8-B532-6527F2694780}.Debug|Any CPU.ActiveCfg = Debug|Any CPU
		{472204C1-CA66-4DF8-B532-6527F2694780}.Debug|Any CPU.Build.0 = Debug|Any CPU
		{472204C1-CA66-4DF8-B532-6527F2694780}.Release|Any CPU.ActiveCfg = Release|Any CPU
		{472204C1-CA66-4DF8-B532-6527F2694780}.Release|Any CPU.Build.0 = Release|Any CPU
		{53995DBB-9836-4647-AD22-865884FDEB9E}.Debug|Any CPU.ActiveCfg = Debug|Any CPU
		{53995DBB-9836-4647-AD22-865884FDEB9E}.Debug|Any CPU.Build.0 = Debug|Any CPU
		{53995DBB-9836-4647-AD22-865884FDEB9E}.Release|Any CPU.ActiveCfg = Release|Any CPU
		{53995DBB-9836-4647-AD22-865884FDEB9E}.Release|Any CPU.Build.0 = Release|Any CPU
		{D8C1E387-20CE-4F8E-82B3-0DBB09E46608}.Debug|Any CPU.ActiveCfg = Debug|Any CPU
		{D8C1E387-20CE-4F8E-82B3-0DBB09E46608}.Debug|Any CPU.Build.0 = Debug|Any CPU
		{D8C1E387-20CE-4F8E-82B3-0DBB09E46608}.Release|Any CPU.ActiveCfg = Release|Any CPU
		{D8C1E387-20CE-4F8E-82B3-0DBB09E46608}.Release|Any CPU.Build.0 = Release|Any CPU
		{0CFE6044-6620-4AC0-9653-4917F3C89384}.Debug|Any CPU.ActiveCfg = Debug|Any CPU
		{0CFE6044-6620-4AC0-9653-4917F3C89384}.Debug|Any CPU.Build.0 = Debug|Any CPU
		{0CFE6044-6620-4AC0-9653-4917F3C89384}.Release|Any CPU.ActiveCfg = Release|Any CPU
		{0CFE6044-6620-4AC0-9653-4917F3C89384}.Release|Any CPU.Build.0 = Release|Any CPU
		{35F7B282-CEB7-409E-A556-6732187FDC43}.Debug|Any CPU.ActiveCfg = Debug|Any CPU
		{35F7B282-CEB7-409E-A556-6732187FDC43}.Debug|Any CPU.Build.0 = Debug|Any CPU
		{35F7B282-CEB7-409E-A556-6732187FDC43}.Release|Any CPU.ActiveCfg = Release|Any CPU
		{35F7B282-CEB7-409E-A556-6732187FDC43}.Release|Any CPU.Build.0 = Release|Any CPU
		{71C3F98F-7C1D-4906-B305-174DAA27783A}.Debug|Any CPU.ActiveCfg = Debug|Any CPU
		{71C3F98F-7C1D-4906-B305-174DAA27783A}.Debug|Any CPU.Build.0 = Debug|Any CPU
		{71C3F98F-7C1D-4906-B305-174DAA27783A}.Release|Any CPU.ActiveCfg = Release|Any CPU
		{71C3F98F-7C1D-4906-B305-174DAA27783A}.Release|Any CPU.Build.0 = Release|Any CPU
		{D18524B0-3EB7-4468-9A70-BB48CB63FC33}.Debug|Any CPU.ActiveCfg = Debug|Any CPU
		{D18524B0-3EB7-4468-9A70-BB48CB63FC33}.Debug|Any CPU.Build.0 = Debug|Any CPU
		{D18524B0-3EB7-4468-9A70-BB48CB63FC33}.Release|Any CPU.ActiveCfg = Release|Any CPU
		{D18524B0-3EB7-4468-9A70-BB48CB63FC33}.Release|Any CPU.Build.0 = Release|Any CPU
		{D310DE9D-1313-4B2A-85C5-F93E1D5C1AC4}.Debug|Any CPU.ActiveCfg = Debug|Any CPU
		{D310DE9D-1313-4B2A-85C5-F93E1D5C1AC4}.Debug|Any CPU.Build.0 = Debug|Any CPU
		{D310DE9D-1313-4B2A-85C5-F93E1D5C1AC4}.Release|Any CPU.ActiveCfg = Release|Any CPU
		{D310DE9D-1313-4B2A-85C5-F93E1D5C1AC4}.Release|Any CPU.Build.0 = Release|Any CPU
		{6CC04802-D90C-4D86-B651-286CDFEB929D}.Debug|Any CPU.ActiveCfg = Debug|Any CPU
		{6CC04802-D90C-4D86-B651-286CDFEB929D}.Debug|Any CPU.Build.0 = Debug|Any CPU
		{6CC04802-D90C-4D86-B651-286CDFEB929D}.Release|Any CPU.ActiveCfg = Release|Any CPU
		{6CC04802-D90C-4D86-B651-286CDFEB929D}.Release|Any CPU.Build.0 = Release|Any CPU
		{46D185A1-330E-41E1-8E02-DDFF6419424B}.Debug|Any CPU.ActiveCfg = Debug|Any CPU
		{46D185A1-330E-41E1-8E02-DDFF6419424B}.Debug|Any CPU.Build.0 = Debug|Any CPU
		{46D185A1-330E-41E1-8E02-DDFF6419424B}.Release|Any CPU.ActiveCfg = Release|Any CPU
		{46D185A1-330E-41E1-8E02-DDFF6419424B}.Release|Any CPU.Build.0 = Release|Any CPU
		{1B6CD915-915E-4A90-9E5D-0F5BA1ABF1ED}.Debug|Any CPU.ActiveCfg = Debug|Any CPU
		{1B6CD915-915E-4A90-9E5D-0F5BA1ABF1ED}.Debug|Any CPU.Build.0 = Debug|Any CPU
		{1B6CD915-915E-4A90-9E5D-0F5BA1ABF1ED}.Release|Any CPU.ActiveCfg = Release|Any CPU
		{1B6CD915-915E-4A90-9E5D-0F5BA1ABF1ED}.Release|Any CPU.Build.0 = Release|Any CPU
		{22CF1279-746C-4DFC-A462-ECB2A7BDF64F}.Debug|Any CPU.ActiveCfg = Debug|Any CPU
		{22CF1279-746C-4DFC-A462-ECB2A7BDF64F}.Debug|Any CPU.Build.0 = Debug|Any CPU
		{22CF1279-746C-4DFC-A462-ECB2A7BDF64F}.Release|Any CPU.ActiveCfg = Release|Any CPU
		{22CF1279-746C-4DFC-A462-ECB2A7BDF64F}.Release|Any CPU.Build.0 = Release|Any CPU
		{3109BA22-46E8-4B8A-A502-4042D0D08348}.Debug|Any CPU.ActiveCfg = Debug|Any CPU
		{3109BA22-46E8-4B8A-A502-4042D0D08348}.Debug|Any CPU.Build.0 = Debug|Any CPU
		{3109BA22-46E8-4B8A-A502-4042D0D08348}.Release|Any CPU.ActiveCfg = Release|Any CPU
		{3109BA22-46E8-4B8A-A502-4042D0D08348}.Release|Any CPU.Build.0 = Release|Any CPU
		{461EBFAA-9E64-4023-A7A7-140702850C46}.Debug|Any CPU.ActiveCfg = Debug|Any CPU
		{461EBFAA-9E64-4023-A7A7-140702850C46}.Debug|Any CPU.Build.0 = Debug|Any CPU
		{461EBFAA-9E64-4023-A7A7-140702850C46}.Release|Any CPU.ActiveCfg = Release|Any CPU
		{461EBFAA-9E64-4023-A7A7-140702850C46}.Release|Any CPU.Build.0 = Release|Any CPU
		{AD03429A-F509-4269-ABD9-F7C3DCCAC56F}.Debug|Any CPU.ActiveCfg = Debug|Any CPU
		{AD03429A-F509-4269-ABD9-F7C3DCCAC56F}.Debug|Any CPU.Build.0 = Debug|Any CPU
		{AD03429A-F509-4269-ABD9-F7C3DCCAC56F}.Release|Any CPU.ActiveCfg = Release|Any CPU
		{AD03429A-F509-4269-ABD9-F7C3DCCAC56F}.Release|Any CPU.Build.0 = Release|Any CPU
		{0A4BE07D-AE27-4213-963E-183155F9DC98}.Debug|Any CPU.ActiveCfg = Debug|Any CPU
		{0A4BE07D-AE27-4213-963E-183155F9DC98}.Debug|Any CPU.Build.0 = Debug|Any CPU
		{0A4BE07D-AE27-4213-963E-183155F9DC98}.Release|Any CPU.ActiveCfg = Release|Any CPU
		{0A4BE07D-AE27-4213-963E-183155F9DC98}.Release|Any CPU.Build.0 = Release|Any CPU
		{BFBEFDF8-C1DA-45FC-AF69-99D9F0E7D8AB}.Debug|Any CPU.ActiveCfg = Debug|Any CPU
		{BFBEFDF8-C1DA-45FC-AF69-99D9F0E7D8AB}.Debug|Any CPU.Build.0 = Debug|Any CPU
		{BFBEFDF8-C1DA-45FC-AF69-99D9F0E7D8AB}.Release|Any CPU.ActiveCfg = Release|Any CPU
		{BFBEFDF8-C1DA-45FC-AF69-99D9F0E7D8AB}.Release|Any CPU.Build.0 = Release|Any CPU
		{C8D0E379-5622-41E7-B3D1-948656493759}.Debug|Any CPU.ActiveCfg = Debug|Any CPU
		{C8D0E379-5622-41E7-B3D1-948656493759}.Debug|Any CPU.Build.0 = Debug|Any CPU
		{C8D0E379-5622-41E7-B3D1-948656493759}.Release|Any CPU.ActiveCfg = Release|Any CPU
		{C8D0E379-5622-41E7-B3D1-948656493759}.Release|Any CPU.Build.0 = Release|Any CPU
	EndGlobalSection
	GlobalSection(SolutionProperties) = preSolution
		HideSolutionNode = FALSE
	EndGlobalSection
	GlobalSection(NestedProjects) = preSolution
		{71C3F98F-7C1D-4906-B305-174DAA27783A} = {3B2FCC0E-CEF3-43AC-8FA7-9B48AEC50247}
		{AD03429A-F509-4269-ABD9-F7C3DCCAC56F} = {3B2FCC0E-CEF3-43AC-8FA7-9B48AEC50247}
		{0A4BE07D-AE27-4213-963E-183155F9DC98} = {3B2FCC0E-CEF3-43AC-8FA7-9B48AEC50247}
		{BFBEFDF8-C1DA-45FC-AF69-99D9F0E7D8AB} = {3B2FCC0E-CEF3-43AC-8FA7-9B48AEC50247}
		{D18524B0-3EB7-4468-9A70-BB48CB63FC33} = {68E3C14A-E1EA-4E1E-A860-9929695C909A}
		{D310DE9D-1313-4B2A-85C5-F93E1D5C1AC4} = {68E3C14A-E1EA-4E1E-A860-9929695C909A}
		{6CC04802-D90C-4D86-B651-286CDFEB929D} = {68E3C14A-E1EA-4E1E-A860-9929695C909A}
		{46D185A1-330E-41E1-8E02-DDFF6419424B} = {68E3C14A-E1EA-4E1E-A860-9929695C909A}
		{1B6CD915-915E-4A90-9E5D-0F5BA1ABF1ED} = {68E3C14A-E1EA-4E1E-A860-9929695C909A}
		{22CF1279-746C-4DFC-A462-ECB2A7BDF64F} = {68E3C14A-E1EA-4E1E-A860-9929695C909A}
		{C8D0E379-5622-41E7-B3D1-948656493759} = {68E3C14A-E1EA-4E1E-A860-9929695C909A}
		{3109BA22-46E8-4B8A-A502-4042D0D08348} = {9D7EA07E-D839-47B0-B7F8-5A8BDF4AE575}
		{461EBFAA-9E64-4023-A7A7-140702850C46} = {9D7EA07E-D839-47B0-B7F8-5A8BDF4AE575}
	EndGlobalSection
	GlobalSection(ExtensibilityGlobals) = postSolution
		VisualSVNWorkingCopyRoot = .
	EndGlobalSection
EndGlobal
